// !$*UTF8*$!
{
	archiveVersion = 1;
	classes = {
	};
	objectVersion = 56;
	objects = {

/* Begin PBXBuildFile section */
		3E98758E2C46E5A300FD1CA5 /* Logger.swift in Sources */ = {isa = PBXBuildFile; fileRef = 3E98758D2C46E5A300FD1CA5 /* Logger.swift */; };
		3EA025C02C32FE7300EEC4C3 /* HealthLensApp.swift in Sources */ = {isa = PBXBuildFile; fileRef = 3EA025BF2C32FE7300EEC4C3 /* HealthLensApp.swift */; };
		3EA025C22C32FE7300EEC4C3 /* ContentView.swift in Sources */ = {isa = PBXBuildFile; fileRef = 3EA025C12C32FE7300EEC4C3 /* ContentView.swift */; };
		3EA025C62C32FE7500EEC4C3 /* Assets.xcassets in Resources */ = {isa = PBXBuildFile; fileRef = 3EA025C52C32FE7500EEC4C3 /* Assets.xcassets */; };
		3EA025C92C32FE7500EEC4C3 /* Preview Assets.xcassets in Resources */ = {isa = PBXBuildFile; fileRef = 3EA025C82C32FE7500EEC4C3 /* Preview Assets.xcassets */; };
		3EA025D32C32FE7500EEC4C3 /* HealthLensTests.swift in Sources */ = {isa = PBXBuildFile; fileRef = 3EA025D22C32FE7500EEC4C3 /* HealthLensTests.swift */; };
		3EA025DD2C32FE7500EEC4C3 /* HealthLensUITests.swift in Sources */ = {isa = PBXBuildFile; fileRef = 3EA025DC2C32FE7500EEC4C3 /* HealthLensUITests.swift */; };
		3EA025DF2C32FE7500EEC4C3 /* HealthLensUITestsLaunchTests.swift in Sources */ = {isa = PBXBuildFile; fileRef = 3EA025DE2C32FE7500EEC4C3 /* HealthLensUITestsLaunchTests.swift */; };
		3EDD0C5C2C4EB94000471A4A /* LaunchScreen.storyboard in Resources */ = {isa = PBXBuildFile; fileRef = 3EDD0C5B2C4EB94000471A4A /* LaunchScreen.storyboard */; };
		3EF2608C2C448000001ABA12 /* HealthKit.framework in Frameworks */ = {isa = PBXBuildFile; fileRef = 3EF2608B2C447FFF001ABA12 /* HealthKit.framework */; };
		3EF260902C457494001ABA12 /* ContentViewModel.swift in Sources */ = {isa = PBXBuildFile; fileRef = 3EF2608F2C457494001ABA12 /* ContentViewModel.swift */; };
		3EF9FD132C498499000F4341 /* ExportFile.swift in Sources */ = {isa = PBXBuildFile; fileRef = 3EF9FD122C498499000F4341 /* ExportFile.swift */; };
/* End PBXBuildFile section */

/* Begin PBXContainerItemProxy section */
		3EA025CF2C32FE7500EEC4C3 /* PBXContainerItemProxy */ = {
			isa = PBXContainerItemProxy;
			containerPortal = 3EA025B42C32FE7300EEC4C3 /* Project object */;
			proxyType = 1;
			remoteGlobalIDString = 3EA025BB2C32FE7300EEC4C3;
			remoteInfo = HealthLens;
		};
		3EA025D92C32FE7500EEC4C3 /* PBXContainerItemProxy */ = {
			isa = PBXContainerItemProxy;
			containerPortal = 3EA025B42C32FE7300EEC4C3 /* Project object */;
			proxyType = 1;
			remoteGlobalIDString = 3EA025BB2C32FE7300EEC4C3;
			remoteInfo = HealthLens;
		};
/* End PBXContainerItemProxy section */

/* Begin PBXFileReference section */
		3E98758D2C46E5A300FD1CA5 /* Logger.swift */ = {isa = PBXFileReference; lastKnownFileType = sourcecode.swift; path = Logger.swift; sourceTree = "<group>"; };
		3EA025BC2C32FE7300EEC4C3 /* HealthLens.app */ = {isa = PBXFileReference; explicitFileType = wrapper.application; includeInIndex = 0; path = HealthLens.app; sourceTree = BUILT_PRODUCTS_DIR; };
		3EA025BF2C32FE7300EEC4C3 /* HealthLensApp.swift */ = {isa = PBXFileReference; lastKnownFileType = sourcecode.swift; path = HealthLensApp.swift; sourceTree = "<group>"; };
		3EA025C12C32FE7300EEC4C3 /* ContentView.swift */ = {isa = PBXFileReference; lastKnownFileType = sourcecode.swift; path = ContentView.swift; sourceTree = "<group>"; };
		3EA025C52C32FE7500EEC4C3 /* Assets.xcassets */ = {isa = PBXFileReference; lastKnownFileType = folder.assetcatalog; path = Assets.xcassets; sourceTree = "<group>"; };
		3EA025C82C32FE7500EEC4C3 /* Preview Assets.xcassets */ = {isa = PBXFileReference; lastKnownFileType = folder.assetcatalog; path = "Preview Assets.xcassets"; sourceTree = "<group>"; };
		3EA025CE2C32FE7500EEC4C3 /* HealthLensTests.xctest */ = {isa = PBXFileReference; explicitFileType = wrapper.cfbundle; includeInIndex = 0; path = HealthLensTests.xctest; sourceTree = BUILT_PRODUCTS_DIR; };
		3EA025D22C32FE7500EEC4C3 /* HealthLensTests.swift */ = {isa = PBXFileReference; lastKnownFileType = sourcecode.swift; path = HealthLensTests.swift; sourceTree = "<group>"; };
		3EA025D82C32FE7500EEC4C3 /* HealthLensUITests.xctest */ = {isa = PBXFileReference; explicitFileType = wrapper.cfbundle; includeInIndex = 0; path = HealthLensUITests.xctest; sourceTree = BUILT_PRODUCTS_DIR; };
		3EA025DC2C32FE7500EEC4C3 /* HealthLensUITests.swift */ = {isa = PBXFileReference; lastKnownFileType = sourcecode.swift; path = HealthLensUITests.swift; sourceTree = "<group>"; };
		3EA025DE2C32FE7500EEC4C3 /* HealthLensUITestsLaunchTests.swift */ = {isa = PBXFileReference; lastKnownFileType = sourcecode.swift; path = HealthLensUITestsLaunchTests.swift; sourceTree = "<group>"; };
		3EDD0C5B2C4EB94000471A4A /* LaunchScreen.storyboard */ = {isa = PBXFileReference; lastKnownFileType = file.storyboard; path = LaunchScreen.storyboard; sourceTree = "<group>"; };
		3EF2608B2C447FFF001ABA12 /* HealthKit.framework */ = {isa = PBXFileReference; lastKnownFileType = wrapper.framework; name = HealthKit.framework; path = System/Library/Frameworks/HealthKit.framework; sourceTree = SDKROOT; };
		3EF2608D2C448056001ABA12 /* Info.plist */ = {isa = PBXFileReference; lastKnownFileType = text.plist; path = Info.plist; sourceTree = "<group>"; };
		3EF2608E2C4481A6001ABA12 /* HealthLens.entitlements */ = {isa = PBXFileReference; lastKnownFileType = text.plist.entitlements; path = HealthLens.entitlements; sourceTree = "<group>"; };
		3EF2608F2C457494001ABA12 /* ContentViewModel.swift */ = {isa = PBXFileReference; lastKnownFileType = sourcecode.swift; path = ContentViewModel.swift; sourceTree = "<group>"; };
		3EF9FD122C498499000F4341 /* ExportFile.swift */ = {isa = PBXFileReference; lastKnownFileType = sourcecode.swift; path = ExportFile.swift; sourceTree = "<group>"; };
/* End PBXFileReference section */

/* Begin PBXFrameworksBuildPhase section */
		3EA025B92C32FE7300EEC4C3 /* Frameworks */ = {
			isa = PBXFrameworksBuildPhase;
			buildActionMask = 2147483647;
			files = (
				3EF2608C2C448000001ABA12 /* HealthKit.framework in Frameworks */,
			);
			runOnlyForDeploymentPostprocessing = 0;
		};
		3EA025CB2C32FE7500EEC4C3 /* Frameworks */ = {
			isa = PBXFrameworksBuildPhase;
			buildActionMask = 2147483647;
			files = (
			);
			runOnlyForDeploymentPostprocessing = 0;
		};
		3EA025D52C32FE7500EEC4C3 /* Frameworks */ = {
			isa = PBXFrameworksBuildPhase;
			buildActionMask = 2147483647;
			files = (
			);
			runOnlyForDeploymentPostprocessing = 0;
		};
/* End PBXFrameworksBuildPhase section */

/* Begin PBXGroup section */
		3EA025B32C32FE7300EEC4C3 = {
			isa = PBXGroup;
			children = (
				3EA025BE2C32FE7300EEC4C3 /* HealthLens */,
				3EA025D12C32FE7500EEC4C3 /* HealthLensTests */,
				3EA025DB2C32FE7500EEC4C3 /* HealthLensUITests */,
				3EA025BD2C32FE7300EEC4C3 /* Products */,
				3EF2608A2C447FFF001ABA12 /* Frameworks */,
			);
			sourceTree = "<group>";
		};
		3EA025BD2C32FE7300EEC4C3 /* Products */ = {
			isa = PBXGroup;
			children = (
				3EA025BC2C32FE7300EEC4C3 /* HealthLens.app */,
				3EA025CE2C32FE7500EEC4C3 /* HealthLensTests.xctest */,
				3EA025D82C32FE7500EEC4C3 /* HealthLensUITests.xctest */,
			);
			name = Products;
			sourceTree = "<group>";
		};
		3EA025BE2C32FE7300EEC4C3 /* HealthLens */ = {
			isa = PBXGroup;
			children = (
				3EF2608E2C4481A6001ABA12 /* HealthLens.entitlements */,
				3EF2608D2C448056001ABA12 /* Info.plist */,
				3EA025BF2C32FE7300EEC4C3 /* HealthLensApp.swift */,
				3EA025C12C32FE7300EEC4C3 /* ContentView.swift */,
				3EA025C52C32FE7500EEC4C3 /* Assets.xcassets */,
				3EA025C72C32FE7500EEC4C3 /* Preview Content */,
				3EF2608F2C457494001ABA12 /* ContentViewModel.swift */,
				3E98758D2C46E5A300FD1CA5 /* Logger.swift */,
				3EF9FD122C498499000F4341 /* ExportFile.swift */,
				3EDD0C5B2C4EB94000471A4A /* LaunchScreen.storyboard */,
			);
			path = HealthLens;
			sourceTree = "<group>";
		};
		3EA025C72C32FE7500EEC4C3 /* Preview Content */ = {
			isa = PBXGroup;
			children = (
				3EA025C82C32FE7500EEC4C3 /* Preview Assets.xcassets */,
			);
			path = "Preview Content";
			sourceTree = "<group>";
		};
		3EA025D12C32FE7500EEC4C3 /* HealthLensTests */ = {
			isa = PBXGroup;
			children = (
				3EA025D22C32FE7500EEC4C3 /* HealthLensTests.swift */,
			);
			path = HealthLensTests;
			sourceTree = "<group>";
		};
		3EA025DB2C32FE7500EEC4C3 /* HealthLensUITests */ = {
			isa = PBXGroup;
			children = (
				3EA025DC2C32FE7500EEC4C3 /* HealthLensUITests.swift */,
				3EA025DE2C32FE7500EEC4C3 /* HealthLensUITestsLaunchTests.swift */,
			);
			path = HealthLensUITests;
			sourceTree = "<group>";
		};
		3EF2608A2C447FFF001ABA12 /* Frameworks */ = {
			isa = PBXGroup;
			children = (
				3EF2608B2C447FFF001ABA12 /* HealthKit.framework */,
			);
			name = Frameworks;
			sourceTree = "<group>";
		};
/* End PBXGroup section */

/* Begin PBXNativeTarget section */
		3EA025BB2C32FE7300EEC4C3 /* HealthLens */ = {
			isa = PBXNativeTarget;
			buildConfigurationList = 3EA025E22C32FE7500EEC4C3 /* Build configuration list for PBXNativeTarget "HealthLens" */;
			buildPhases = (
				3EA025B82C32FE7300EEC4C3 /* Sources */,
				3EA025B92C32FE7300EEC4C3 /* Frameworks */,
				3EA025BA2C32FE7300EEC4C3 /* Resources */,
			);
			buildRules = (
			);
			dependencies = (
			);
			name = HealthLens;
			productName = HealthLens;
			productReference = 3EA025BC2C32FE7300EEC4C3 /* HealthLens.app */;
			productType = "com.apple.product-type.application";
		};
		3EA025CD2C32FE7500EEC4C3 /* HealthLensTests */ = {
			isa = PBXNativeTarget;
			buildConfigurationList = 3EA025E52C32FE7500EEC4C3 /* Build configuration list for PBXNativeTarget "HealthLensTests" */;
			buildPhases = (
				3EA025CA2C32FE7500EEC4C3 /* Sources */,
				3EA025CB2C32FE7500EEC4C3 /* Frameworks */,
				3EA025CC2C32FE7500EEC4C3 /* Resources */,
			);
			buildRules = (
			);
			dependencies = (
				3EA025D02C32FE7500EEC4C3 /* PBXTargetDependency */,
			);
			name = HealthLensTests;
			productName = HealthLensTests;
			productReference = 3EA025CE2C32FE7500EEC4C3 /* HealthLensTests.xctest */;
			productType = "com.apple.product-type.bundle.unit-test";
		};
		3EA025D72C32FE7500EEC4C3 /* HealthLensUITests */ = {
			isa = PBXNativeTarget;
			buildConfigurationList = 3EA025E82C32FE7500EEC4C3 /* Build configuration list for PBXNativeTarget "HealthLensUITests" */;
			buildPhases = (
				3EA025D42C32FE7500EEC4C3 /* Sources */,
				3EA025D52C32FE7500EEC4C3 /* Frameworks */,
				3EA025D62C32FE7500EEC4C3 /* Resources */,
			);
			buildRules = (
			);
			dependencies = (
				3EA025DA2C32FE7500EEC4C3 /* PBXTargetDependency */,
			);
			name = HealthLensUITests;
			productName = HealthLensUITests;
			productReference = 3EA025D82C32FE7500EEC4C3 /* HealthLensUITests.xctest */;
			productType = "com.apple.product-type.bundle.ui-testing";
		};
/* End PBXNativeTarget section */

/* Begin PBXProject section */
		3EA025B42C32FE7300EEC4C3 /* Project object */ = {
			isa = PBXProject;
			attributes = {
				BuildIndependentTargetsInParallel = 1;
				LastSwiftUpdateCheck = 1540;
				LastUpgradeCheck = 1540;
				TargetAttributes = {
					3EA025BB2C32FE7300EEC4C3 = {
						CreatedOnToolsVersion = 15.4;
					};
					3EA025CD2C32FE7500EEC4C3 = {
						CreatedOnToolsVersion = 15.4;
						TestTargetID = 3EA025BB2C32FE7300EEC4C3;
					};
					3EA025D72C32FE7500EEC4C3 = {
						CreatedOnToolsVersion = 15.4;
						TestTargetID = 3EA025BB2C32FE7300EEC4C3;
					};
				};
			};
			buildConfigurationList = 3EA025B72C32FE7300EEC4C3 /* Build configuration list for PBXProject "HealthLens" */;
			compatibilityVersion = "Xcode 14.0";
			developmentRegion = en;
			hasScannedForEncodings = 0;
			knownRegions = (
				en,
				Base,
			);
			mainGroup = 3EA025B32C32FE7300EEC4C3;
			productRefGroup = 3EA025BD2C32FE7300EEC4C3 /* Products */;
			projectDirPath = "";
			projectRoot = "";
			targets = (
				3EA025BB2C32FE7300EEC4C3 /* HealthLens */,
				3EA025CD2C32FE7500EEC4C3 /* HealthLensTests */,
				3EA025D72C32FE7500EEC4C3 /* HealthLensUITests */,
			);
		};
/* End PBXProject section */

/* Begin PBXResourcesBuildPhase section */
		3EA025BA2C32FE7300EEC4C3 /* Resources */ = {
			isa = PBXResourcesBuildPhase;
			buildActionMask = 2147483647;
			files = (
				3EDD0C5C2C4EB94000471A4A /* LaunchScreen.storyboard in Resources */,
				3EA025C92C32FE7500EEC4C3 /* Preview Assets.xcassets in Resources */,
				3EA025C62C32FE7500EEC4C3 /* Assets.xcassets in Resources */,
			);
			runOnlyForDeploymentPostprocessing = 0;
		};
		3EA025CC2C32FE7500EEC4C3 /* Resources */ = {
			isa = PBXResourcesBuildPhase;
			buildActionMask = 2147483647;
			files = (
			);
			runOnlyForDeploymentPostprocessing = 0;
		};
		3EA025D62C32FE7500EEC4C3 /* Resources */ = {
			isa = PBXResourcesBuildPhase;
			buildActionMask = 2147483647;
			files = (
			);
			runOnlyForDeploymentPostprocessing = 0;
		};
/* End PBXResourcesBuildPhase section */

/* Begin PBXSourcesBuildPhase section */
		3EA025B82C32FE7300EEC4C3 /* Sources */ = {
			isa = PBXSourcesBuildPhase;
			buildActionMask = 2147483647;
			files = (
				3E98758E2C46E5A300FD1CA5 /* Logger.swift in Sources */,
				3EF260902C457494001ABA12 /* ContentViewModel.swift in Sources */,
				3EA025C22C32FE7300EEC4C3 /* ContentView.swift in Sources */,
				3EF9FD132C498499000F4341 /* ExportFile.swift in Sources */,
				3EA025C02C32FE7300EEC4C3 /* HealthLensApp.swift in Sources */,
			);
			runOnlyForDeploymentPostprocessing = 0;
		};
		3EA025CA2C32FE7500EEC4C3 /* Sources */ = {
			isa = PBXSourcesBuildPhase;
			buildActionMask = 2147483647;
			files = (
				3EA025D32C32FE7500EEC4C3 /* HealthLensTests.swift in Sources */,
			);
			runOnlyForDeploymentPostprocessing = 0;
		};
		3EA025D42C32FE7500EEC4C3 /* Sources */ = {
			isa = PBXSourcesBuildPhase;
			buildActionMask = 2147483647;
			files = (
				3EA025DF2C32FE7500EEC4C3 /* HealthLensUITestsLaunchTests.swift in Sources */,
				3EA025DD2C32FE7500EEC4C3 /* HealthLensUITests.swift in Sources */,
			);
			runOnlyForDeploymentPostprocessing = 0;
		};
/* End PBXSourcesBuildPhase section */

/* Begin PBXTargetDependency section */
		3EA025D02C32FE7500EEC4C3 /* PBXTargetDependency */ = {
			isa = PBXTargetDependency;
			target = 3EA025BB2C32FE7300EEC4C3 /* HealthLens */;
			targetProxy = 3EA025CF2C32FE7500EEC4C3 /* PBXContainerItemProxy */;
		};
		3EA025DA2C32FE7500EEC4C3 /* PBXTargetDependency */ = {
			isa = PBXTargetDependency;
			target = 3EA025BB2C32FE7300EEC4C3 /* HealthLens */;
			targetProxy = 3EA025D92C32FE7500EEC4C3 /* PBXContainerItemProxy */;
		};
/* End PBXTargetDependency section */

/* Begin XCBuildConfiguration section */
		3EA025E02C32FE7500EEC4C3 /* Debug */ = {
			isa = XCBuildConfiguration;
			buildSettings = {
				ALWAYS_SEARCH_USER_PATHS = NO;
				ASSETCATALOG_COMPILER_GENERATE_SWIFT_ASSET_SYMBOL_EXTENSIONS = YES;
				CLANG_ANALYZER_NONNULL = YES;
				CLANG_ANALYZER_NUMBER_OBJECT_CONVERSION = YES_AGGRESSIVE;
				CLANG_CXX_LANGUAGE_STANDARD = "gnu++20";
				CLANG_ENABLE_MODULES = YES;
				CLANG_ENABLE_OBJC_ARC = YES;
				CLANG_ENABLE_OBJC_WEAK = YES;
				CLANG_WARN_BLOCK_CAPTURE_AUTORELEASING = YES;
				CLANG_WARN_BOOL_CONVERSION = YES;
				CLANG_WARN_COMMA = YES;
				CLANG_WARN_CONSTANT_CONVERSION = YES;
				CLANG_WARN_DEPRECATED_OBJC_IMPLEMENTATIONS = YES;
				CLANG_WARN_DIRECT_OBJC_ISA_USAGE = YES_ERROR;
				CLANG_WARN_DOCUMENTATION_COMMENTS = YES;
				CLANG_WARN_EMPTY_BODY = YES;
				CLANG_WARN_ENUM_CONVERSION = YES;
				CLANG_WARN_INFINITE_RECURSION = YES;
				CLANG_WARN_INT_CONVERSION = YES;
				CLANG_WARN_NON_LITERAL_NULL_CONVERSION = YES;
				CLANG_WARN_OBJC_IMPLICIT_RETAIN_SELF = YES;
				CLANG_WARN_OBJC_LITERAL_CONVERSION = YES;
				CLANG_WARN_OBJC_ROOT_CLASS = YES_ERROR;
				CLANG_WARN_QUOTED_INCLUDE_IN_FRAMEWORK_HEADER = YES;
				CLANG_WARN_RANGE_LOOP_ANALYSIS = YES;
				CLANG_WARN_STRICT_PROTOTYPES = YES;
				CLANG_WARN_SUSPICIOUS_MOVE = YES;
				CLANG_WARN_UNGUARDED_AVAILABILITY = YES_AGGRESSIVE;
				CLANG_WARN_UNREACHABLE_CODE = YES;
				CLANG_WARN__DUPLICATE_METHOD_MATCH = YES;
				COPY_PHASE_STRIP = NO;
				DEBUG_INFORMATION_FORMAT = dwarf;
				ENABLE_STRICT_OBJC_MSGSEND = YES;
				ENABLE_TESTABILITY = YES;
				ENABLE_USER_SCRIPT_SANDBOXING = YES;
				GCC_C_LANGUAGE_STANDARD = gnu17;
				GCC_DYNAMIC_NO_PIC = NO;
				GCC_NO_COMMON_BLOCKS = YES;
				GCC_OPTIMIZATION_LEVEL = 0;
				GCC_PREPROCESSOR_DEFINITIONS = (
					"DEBUG=1",
					"$(inherited)",
				);
				GCC_WARN_64_TO_32_BIT_CONVERSION = YES;
				GCC_WARN_ABOUT_RETURN_TYPE = YES_ERROR;
				GCC_WARN_UNDECLARED_SELECTOR = YES;
				GCC_WARN_UNINITIALIZED_AUTOS = YES_AGGRESSIVE;
				GCC_WARN_UNUSED_FUNCTION = YES;
				GCC_WARN_UNUSED_VARIABLE = YES;
				IPHONEOS_DEPLOYMENT_TARGET = 17.5;
				LOCALIZATION_PREFERS_STRING_CATALOGS = YES;
				MTL_ENABLE_DEBUG_INFO = INCLUDE_SOURCE;
				MTL_FAST_MATH = YES;
				ONLY_ACTIVE_ARCH = YES;
				SDKROOT = iphoneos;
				SWIFT_ACTIVE_COMPILATION_CONDITIONS = "DEBUG $(inherited)";
				SWIFT_OPTIMIZATION_LEVEL = "-Onone";
			};
			name = Debug;
		};
		3EA025E12C32FE7500EEC4C3 /* Release */ = {
			isa = XCBuildConfiguration;
			buildSettings = {
				ALWAYS_SEARCH_USER_PATHS = NO;
				ASSETCATALOG_COMPILER_GENERATE_SWIFT_ASSET_SYMBOL_EXTENSIONS = YES;
				CLANG_ANALYZER_NONNULL = YES;
				CLANG_ANALYZER_NUMBER_OBJECT_CONVERSION = YES_AGGRESSIVE;
				CLANG_CXX_LANGUAGE_STANDARD = "gnu++20";
				CLANG_ENABLE_MODULES = YES;
				CLANG_ENABLE_OBJC_ARC = YES;
				CLANG_ENABLE_OBJC_WEAK = YES;
				CLANG_WARN_BLOCK_CAPTURE_AUTORELEASING = YES;
				CLANG_WARN_BOOL_CONVERSION = YES;
				CLANG_WARN_COMMA = YES;
				CLANG_WARN_CONSTANT_CONVERSION = YES;
				CLANG_WARN_DEPRECATED_OBJC_IMPLEMENTATIONS = YES;
				CLANG_WARN_DIRECT_OBJC_ISA_USAGE = YES_ERROR;
				CLANG_WARN_DOCUMENTATION_COMMENTS = YES;
				CLANG_WARN_EMPTY_BODY = YES;
				CLANG_WARN_ENUM_CONVERSION = YES;
				CLANG_WARN_INFINITE_RECURSION = YES;
				CLANG_WARN_INT_CONVERSION = YES;
				CLANG_WARN_NON_LITERAL_NULL_CONVERSION = YES;
				CLANG_WARN_OBJC_IMPLICIT_RETAIN_SELF = YES;
				CLANG_WARN_OBJC_LITERAL_CONVERSION = YES;
				CLANG_WARN_OBJC_ROOT_CLASS = YES_ERROR;
				CLANG_WARN_QUOTED_INCLUDE_IN_FRAMEWORK_HEADER = YES;
				CLANG_WARN_RANGE_LOOP_ANALYSIS = YES;
				CLANG_WARN_STRICT_PROTOTYPES = YES;
				CLANG_WARN_SUSPICIOUS_MOVE = YES;
				CLANG_WARN_UNGUARDED_AVAILABILITY = YES_AGGRESSIVE;
				CLANG_WARN_UNREACHABLE_CODE = YES;
				CLANG_WARN__DUPLICATE_METHOD_MATCH = YES;
				COPY_PHASE_STRIP = NO;
				DEBUG_INFORMATION_FORMAT = "dwarf-with-dsym";
				ENABLE_NS_ASSERTIONS = NO;
				ENABLE_STRICT_OBJC_MSGSEND = YES;
				ENABLE_USER_SCRIPT_SANDBOXING = YES;
				GCC_C_LANGUAGE_STANDARD = gnu17;
				GCC_NO_COMMON_BLOCKS = YES;
				GCC_WARN_64_TO_32_BIT_CONVERSION = YES;
				GCC_WARN_ABOUT_RETURN_TYPE = YES_ERROR;
				GCC_WARN_UNDECLARED_SELECTOR = YES;
				GCC_WARN_UNINITIALIZED_AUTOS = YES_AGGRESSIVE;
				GCC_WARN_UNUSED_FUNCTION = YES;
				GCC_WARN_UNUSED_VARIABLE = YES;
				IPHONEOS_DEPLOYMENT_TARGET = 17.5;
				LOCALIZATION_PREFERS_STRING_CATALOGS = YES;
				MTL_ENABLE_DEBUG_INFO = NO;
				MTL_FAST_MATH = YES;
				SDKROOT = iphoneos;
				SWIFT_COMPILATION_MODE = wholemodule;
				VALIDATE_PRODUCT = YES;
			};
			name = Release;
		};
		3EA025E32C32FE7500EEC4C3 /* Debug */ = {
			isa = XCBuildConfiguration;
			buildSettings = {
				ASSETCATALOG_COMPILER_APPICON_NAME = AppIcon;
				ASSETCATALOG_COMPILER_GLOBAL_ACCENT_COLOR_NAME = AccentColor;
				ASSETCATALOG_COMPILER_INCLUDE_ALL_APPICON_ASSETS = YES;
				CODE_SIGN_ENTITLEMENTS = HealthLens/HealthLens.entitlements;
				CODE_SIGN_IDENTITY = "Apple Development";
				CODE_SIGN_STYLE = Automatic;
				CURRENT_PROJECT_VERSION = 1;
				DEVELOPMENT_ASSET_PATHS = "\"HealthLens/Preview Content\"";
				DEVELOPMENT_TEAM = PPA4LZZXUN;
				ENABLE_PREVIEWS = YES;
				GENERATE_INFOPLIST_FILE = YES;
				INFOPLIST_FILE = HealthLens/Info.plist;
				INFOPLIST_KEY_CFBundleDisplayName = "Health Lens";
				INFOPLIST_KEY_LSApplicationCategoryType = "public.app-category.healthcare-fitness";
				INFOPLIST_KEY_NSHealthShareUsageDescription = "We use the usage description to do the following: export it to a csv format";
				INFOPLIST_KEY_NSHealthUpdateUsageDescription = "Updating health data is only required by HealtKit and we should never ask for this information";
				INFOPLIST_KEY_UIApplicationSceneManifest_Generation = YES;
				INFOPLIST_KEY_UIApplicationSupportsIndirectInputEvents = YES;
				INFOPLIST_KEY_UILaunchScreen_Generation = YES;
				INFOPLIST_KEY_UILaunchStoryboardName = LaunchScreen.storyboard;
				INFOPLIST_KEY_UIStatusBarStyle = UIStatusBarStyleLightContent;
				INFOPLIST_KEY_UISupportedInterfaceOrientations_iPad = "UIInterfaceOrientationPortrait UIInterfaceOrientationPortraitUpsideDown UIInterfaceOrientationLandscapeLeft UIInterfaceOrientationLandscapeRight";
				INFOPLIST_KEY_UISupportedInterfaceOrientations_iPhone = "UIInterfaceOrientationPortrait UIInterfaceOrientationLandscapeLeft UIInterfaceOrientationLandscapeRight";
				IPHONEOS_DEPLOYMENT_TARGET = 17.5;
				LD_RUNPATH_SEARCH_PATHS = (
					"$(inherited)",
					"@executable_path/Frameworks",
				);
				MARKETING_VERSION = 1.0;
				PRODUCT_BUNDLE_IDENTIFIER = com.smartservices.HealthLens;
				PRODUCT_NAME = "$(TARGET_NAME)";
				PROVISIONING_PROFILE_SPECIFIER = "";
				SUPPORTED_PLATFORMS = "iphoneos iphonesimulator";
				SUPPORTS_MACCATALYST = NO;
				SUPPORTS_MAC_DESIGNED_FOR_IPHONE_IPAD = NO;
				SUPPORTS_XR_DESIGNED_FOR_IPHONE_IPAD = NO;
				SWIFT_EMIT_LOC_STRINGS = YES;
				SWIFT_VERSION = 5.0;
				TARGETED_DEVICE_FAMILY = 1;
			};
			name = Debug;
		};
		3EA025E42C32FE7500EEC4C3 /* Release */ = {
			isa = XCBuildConfiguration;
			buildSettings = {
				ASSETCATALOG_COMPILER_APPICON_NAME = AppIcon;
				ASSETCATALOG_COMPILER_GLOBAL_ACCENT_COLOR_NAME = AccentColor;
				ASSETCATALOG_COMPILER_INCLUDE_ALL_APPICON_ASSETS = YES;
				CODE_SIGN_ENTITLEMENTS = HealthLens/HealthLens.entitlements;
				CODE_SIGN_IDENTITY = "Apple Development";
				CODE_SIGN_STYLE = Automatic;
				CURRENT_PROJECT_VERSION = 1;
				DEVELOPMENT_ASSET_PATHS = "\"HealthLens/Preview Content\"";
				DEVELOPMENT_TEAM = PPA4LZZXUN;
				ENABLE_PREVIEWS = YES;
				GENERATE_INFOPLIST_FILE = YES;
				INFOPLIST_FILE = HealthLens/Info.plist;
				INFOPLIST_KEY_CFBundleDisplayName = "Health Lens";
				INFOPLIST_KEY_LSApplicationCategoryType = "public.app-category.healthcare-fitness";
				INFOPLIST_KEY_NSHealthShareUsageDescription = "We use the usage description to do the following: export it to a csv format";
				INFOPLIST_KEY_NSHealthUpdateUsageDescription = "Updating health data is only required by HealtKit and we should never ask for this information";
				INFOPLIST_KEY_UIApplicationSceneManifest_Generation = YES;
				INFOPLIST_KEY_UIApplicationSupportsIndirectInputEvents = YES;
				INFOPLIST_KEY_UILaunchScreen_Generation = YES;
				INFOPLIST_KEY_UILaunchStoryboardName = LaunchScreen.storyboard;
				INFOPLIST_KEY_UIStatusBarStyle = UIStatusBarStyleLightContent;
				INFOPLIST_KEY_UISupportedInterfaceOrientations_iPad = "UIInterfaceOrientationPortrait UIInterfaceOrientationPortraitUpsideDown UIInterfaceOrientationLandscapeLeft UIInterfaceOrientationLandscapeRight";
				INFOPLIST_KEY_UISupportedInterfaceOrientations_iPhone = "UIInterfaceOrientationPortrait UIInterfaceOrientationLandscapeLeft UIInterfaceOrientationLandscapeRight";
				IPHONEOS_DEPLOYMENT_TARGET = 17.5;
				LD_RUNPATH_SEARCH_PATHS = (
					"$(inherited)",
					"@executable_path/Frameworks",
				);
				MARKETING_VERSION = 1.0;
				PRODUCT_BUNDLE_IDENTIFIER = com.smartservices.HealthLens;
				PRODUCT_NAME = "$(TARGET_NAME)";
				PROVISIONING_PROFILE_SPECIFIER = "";
				SUPPORTED_PLATFORMS = "iphoneos iphonesimulator";
				SUPPORTS_MACCATALYST = NO;
				SUPPORTS_MAC_DESIGNED_FOR_IPHONE_IPAD = NO;
				SUPPORTS_XR_DESIGNED_FOR_IPHONE_IPAD = NO;
				SWIFT_EMIT_LOC_STRINGS = YES;
				SWIFT_VERSION = 5.0;
				TARGETED_DEVICE_FAMILY = 1;
			};
			name = Release;
		};
		3EA025E62C32FE7500EEC4C3 /* Debug */ = {
			isa = XCBuildConfiguration;
			buildSettings = {
				ALWAYS_EMBED_SWIFT_STANDARD_LIBRARIES = YES;
				BUNDLE_LOADER = "$(TEST_HOST)";
				CODE_SIGN_STYLE = Automatic;
				CURRENT_PROJECT_VERSION = 1;
				DEVELOPMENT_TEAM = PPA4LZZXUN;
				GENERATE_INFOPLIST_FILE = YES;
				IPHONEOS_DEPLOYMENT_TARGET = 17.5;
				MARKETING_VERSION = 1.0;
				PRODUCT_BUNDLE_IDENTIFIER = com.smartservices.HealthLensTests;
				PRODUCT_NAME = "$(TARGET_NAME)";
				SWIFT_EMIT_LOC_STRINGS = NO;
				SWIFT_VERSION = 5.0;
				TARGETED_DEVICE_FAMILY = "1,2";
				TEST_HOST = "$(BUILT_PRODUCTS_DIR)/HealthLens.app/$(BUNDLE_EXECUTABLE_FOLDER_PATH)/HealthLens";
			};
			name = Debug;
		};
		3EA025E72C32FE7500EEC4C3 /* Release */ = {
			isa = XCBuildConfiguration;
			buildSettings = {
				ALWAYS_EMBED_SWIFT_STANDARD_LIBRARIES = YES;
				BUNDLE_LOADER = "$(TEST_HOST)";
				CODE_SIGN_STYLE = Automatic;
				CURRENT_PROJECT_VERSION = 1;
				DEVELOPMENT_TEAM = PPA4LZZXUN;
				GENERATE_INFOPLIST_FILE = YES;
				IPHONEOS_DEPLOYMENT_TARGET = 17.5;
				MARKETING_VERSION = 1.0;
				PRODUCT_BUNDLE_IDENTIFIER = com.smartservices.HealthLensTests;
				PRODUCT_NAME = "$(TARGET_NAME)";
				SWIFT_EMIT_LOC_STRINGS = NO;
				SWIFT_VERSION = 5.0;
				TARGETED_DEVICE_FAMILY = "1,2";
				TEST_HOST = "$(BUILT_PRODUCTS_DIR)/HealthLens.app/$(BUNDLE_EXECUTABLE_FOLDER_PATH)/HealthLens";
			};
			name = Release;
		};
		3EA025E92C32FE7500EEC4C3 /* Debug */ = {
			isa = XCBuildConfiguration;
			buildSettings = {
				ALWAYS_EMBED_SWIFT_STANDARD_LIBRARIES = YES;
				CODE_SIGN_STYLE = Automatic;
				CURRENT_PROJECT_VERSION = 1;
				DEVELOPMENT_TEAM = PPA4LZZXUN;
				GENERATE_INFOPLIST_FILE = YES;
				MARKETING_VERSION = 1.0;
				PRODUCT_BUNDLE_IDENTIFIER = com.smartservices.HealthLensUITests;
				PRODUCT_NAME = "$(TARGET_NAME)";
				SWIFT_EMIT_LOC_STRINGS = NO;
				SWIFT_VERSION = 5.0;
				TARGETED_DEVICE_FAMILY = "1,2";
				TEST_TARGET_NAME = HealthLens;
			};
			name = Debug;
		};
		3EA025EA2C32FE7500EEC4C3 /* Release */ = {
			isa = XCBuildConfiguration;
			buildSettings = {
				ALWAYS_EMBED_SWIFT_STANDARD_LIBRARIES = YES;
				CODE_SIGN_STYLE = Automatic;
				CURRENT_PROJECT_VERSION = 1;
				DEVELOPMENT_TEAM = PPA4LZZXUN;
				GENERATE_INFOPLIST_FILE = YES;
				MARKETING_VERSION = 1.0;
				PRODUCT_BUNDLE_IDENTIFIER = com.smartservices.HealthLensUITests;
				PRODUCT_NAME = "$(TARGET_NAME)";
				SWIFT_EMIT_LOC_STRINGS = NO;
				SWIFT_VERSION = 5.0;
				TARGETED_DEVICE_FAMILY = "1,2";
				TEST_TARGET_NAME = HealthLens;
			};
			name = Release;
		};
/* End XCBuildConfiguration section */

/* Begin XCConfigurationList section */
		3EA025B72C32FE7300EEC4C3 /* Build configuration list for PBXProject "HealthLens" */ = {
			isa = XCConfigurationList;
			buildConfigurations = (
				3EA025E02C32FE7500EEC4C3 /* Debug */,
				3EA025E12C32FE7500EEC4C3 /* Release */,
			);
			defaultConfigurationIsVisible = 0;
			defaultConfigurationName = Release;
		};
		3EA025E22C32FE7500EEC4C3 /* Build configuration list for PBXNativeTarget "HealthLens" */ = {
			isa = XCConfigurationList;
			buildConfigurations = (
				3EA025E32C32FE7500EEC4C3 /* Debug */,
				3EA025E42C32FE7500EEC4C3 /* Release */,
			);
			defaultConfigurationIsVisible = 0;
			defaultConfigurationName = Release;
		};
		3EA025E52C32FE7500EEC4C3 /* Build configuration list for PBXNativeTarget "HealthLensTests" */ = {
			isa = XCConfigurationList;
			buildConfigurations = (
				3EA025E62C32FE7500EEC4C3 /* Debug */,
				3EA025E72C32FE7500EEC4C3 /* Release */,
			);
			defaultConfigurationIsVisible = 0;
			defaultConfigurationName = Release;
		};
		3EA025E82C32FE7500EEC4C3 /* Build configuration list for PBXNativeTarget "HealthLensUITests" */ = {
			isa = XCConfigurationList;
			buildConfigurations = (
				3EA025E92C32FE7500EEC4C3 /* Debug */,
				3EA025EA2C32FE7500EEC4C3 /* Release */,
			);
			defaultConfigurationIsVisible = 0;
			defaultConfigurationName = Release;
		};
/* End XCConfigurationList section */
	};
	rootObject = 3EA025B42C32FE7300EEC4C3 /* Project object */;
}
